
Microsoft Visual Studio Solution File, Format Version 12.00
# Visual Studio Version 16
VisualStudioVersion = 16.0.29709.97
MinimumVisualStudioVersion = 10.0.40219.1
Project("{FAE04EC0-301F-11D3-BF4B-00C04F79EFBC}") = "Employee", "Employee\Employee.csproj", "{54EFF51D-DDCE-4ACE-B29F-BB6E03D00907}"
EndProject
Global
	GlobalSection(SolutionConfigurationPlatforms) = preSolution
		Debug|Any CPU = Debug|Any CPU
		Release|Any CPU = Release|Any CPU
	EndGlobalSection
	GlobalSection(ProjectConfigurationPlatforms) = postSolution
		{54EFF51D-DDCE-4ACE-B29F-BB6E03D00907}.Debug|Any CPU.ActiveCfg = Debug|Any CPU
		{54EFF51D-DDCE-4ACE-B29F-BB6E03D00907}.Debug|Any CPU.Build.0 = Debug|Any CPU
		{54EFF51D-DDCE-4ACE-B29F-BB6E03D00907}.Release|Any CPU.ActiveCfg = Release|Any CPU
		{54EFF51D-DDCE-4ACE-B29F-BB6E03D00907}.Release|Any CPU.Build.0 = Release|Any CPU
	EndGlobalSection
	GlobalSection(SolutionProperties) = preSolution
		HideSolutionNode = FALSE
	EndGlobalSection
	GlobalSection(ExtensibilityGlobals) = postSolution
		SolutionGuid = {C78FE1FD-B54F-4F4D-93A4-7F49D97D39B5}
	EndGlobalSection
EndGlobal
